
Microsoft Visual Studio Solution File, Format Version 12.00
# Visual Studio 14
VisualStudioVersion = 14.0.25123.0
MinimumVisualStudioVersion = 10.0.40219.1
Project("{2150E333-8FDC-42A3-9474-1A3956D46DE8}") = "src", "src", "{32367B9A-B4EC-40F1-92AF-3DD9FDD2437A}"
EndProject
Project("{2150E333-8FDC-42A3-9474-1A3956D46DE8}") = "Solution Items", "Solution Items", "{C9A03889-97DD-4EE7-8C4A-867CDC5B3687}"
	ProjectSection(SolutionItems) = preProject
		global.json = global.json
	EndProjectSection
EndProject
Project("{8BB2217D-0F2D-49D1-97BC-3654ED321F3B}") = "FreeGeoIp", "src\FreeGeoIp\FreeGeoIp.xproj", "{F7D675D8-23D1-4D9F-AD09-E40819A81916}"
EndProject
Global
	GlobalSection(SolutionConfigurationPlatforms) = preSolution
		Debug|Any CPU = Debug|Any CPU
		Release|Any CPU = Release|Any CPU
	EndGlobalSection
	GlobalSection(ProjectConfigurationPlatforms) = postSolution
		{F7D675D8-23D1-4D9F-AD09-E40819A81916}.Debug|Any CPU.ActiveCfg = Debug|Any CPU
		{F7D675D8-23D1-4D9F-AD09-E40819A81916}.Debug|Any CPU.Build.0 = Debug|Any CPU
		{F7D675D8-23D1-4D9F-AD09-E40819A81916}.Release|Any CPU.ActiveCfg = Release|Any CPU
		{F7D675D8-23D1-4D9F-AD09-E40819A81916}.Release|Any CPU.Build.0 = Release|Any CPU
	EndGlobalSection
	GlobalSection(SolutionProperties) = preSolution
		HideSolutionNode = FALSE
	EndGlobalSection
	GlobalSection(NestedProjects) = preSolution
		{F7D675D8-23D1-4D9F-AD09-E40819A81916} = {32367B9A-B4EC-40F1-92AF-3DD9FDD2437A}
	EndGlobalSection
EndGlobal
